
Microsoft Visual Studio Solution File, Format Version 12.00
# Visual Studio 14
VisualStudioVersion = 14.0.25123.0
MinimumVisualStudioVersion = 10.0.40219.1
Project("{FAE04EC0-301F-11D3-BF4B-00C04F79EFBC}") = "KeyLogger", "KeyLogger\KeyLogger.csproj", "{A2B9CCF4-B9A3-4422-8071-A30B67557273}"
EndProject
Global
	GlobalSection(SolutionConfigurationPlatforms) = preSolution
		Debug|Any CPU = Debug|Any CPU
		Release|Any CPU = Release|Any CPU
	EndGlobalSection
	GlobalSection(ProjectConfigurationPlatforms) = postSolution
		{A2B9CCF4-B9A3-4422-8071-A30B67557273}.Debug|Any CPU.ActiveCfg = Debug|Any CPU
		{A2B9CCF4-B9A3-4422-8071-A30B67557273}.Debug|Any CPU.Build.0 = Debug|Any CPU
		{A2B9CCF4-B9A3-4422-8071-A30B67557273}.Release|Any CPU.ActiveCfg = Release|Any CPU
		{A2B9CCF4-B9A3-4422-8071-A30B67557273}.Release|Any CPU.Build.0 = Release|Any CPU
	EndGlobalSection
	GlobalSection(SolutionProperties) = preSolution
		HideSolutionNode = FALSE
	EndGlobalSection
EndGlobal
